
Microsoft Visual Studio Solution File, Format Version 12.00
# Visual Studio Version 17
VisualStudioVersion = 17.3.32819.101
MinimumVisualStudioVersion = 10.0.40219.1
Project("{9A19103F-16F7-4668-BE54-9A1E7A4F7556}") = "LeagueOfTeamsUI", "LeagueOfTeams\LeagueOfTeamsUI.csproj", "{6186DBCD-57EF-4FCD-9411-8B5897C9A96C}"
EndProject
Project("{FAE04EC0-301F-11D3-BF4B-00C04F79EFBC}") = "LeagueOfTeamsDataAccess", "LeagueOfTeamsDataAccess\LeagueOfTeamsDataAccess.csproj", "{7944DFC1-039C-43A6-92F0-165063A58D98}"
EndProject
Project("{FAE04EC0-301F-11D3-BF4B-00C04F79EFBC}") = "LeagueOfTeamsBusinessLogic", "LeagueOfTeamsBusinessLogic\LeagueOfTeamsBusinessLogic.csproj", "{5D6DE870-60F3-4725-B4CF-3A310329B45A}"
EndProject
Global
	GlobalSection(SolutionConfigurationPlatforms) = preSolution
		Debug|Any CPU = Debug|Any CPU
		Release|Any CPU = Release|Any CPU
	EndGlobalSection
	GlobalSection(ProjectConfigurationPlatforms) = postSolution
		{6186DBCD-57EF-4FCD-9411-8B5897C9A96C}.Debug|Any CPU.ActiveCfg = Debug|Any CPU
		{6186DBCD-57EF-4FCD-9411-8B5897C9A96C}.Debug|Any CPU.Build.0 = Debug|Any CPU
		{6186DBCD-57EF-4FCD-9411-8B5897C9A96C}.Release|Any CPU.ActiveCfg = Release|Any CPU
		{6186DBCD-57EF-4FCD-9411-8B5897C9A96C}.Release|Any CPU.Build.0 = Release|Any CPU
		{7944DFC1-039C-43A6-92F0-165063A58D98}.Debug|Any CPU.ActiveCfg = Debug|Any CPU
		{7944DFC1-039C-43A6-92F0-165063A58D98}.Debug|Any CPU.Build.0 = Debug|Any CPU
		{7944DFC1-039C-43A6-92F0-165063A58D98}.Release|Any CPU.ActiveCfg = Release|Any CPU
		{7944DFC1-039C-43A6-92F0-165063A58D98}.Release|Any CPU.Build.0 = Release|Any CPU
		{5D6DE870-60F3-4725-B4CF-3A310329B45A}.Debug|Any CPU.ActiveCfg = Debug|Any CPU
		{5D6DE870-60F3-4725-B4CF-3A310329B45A}.Debug|Any CPU.Build.0 = Debug|Any CPU
		{5D6DE870-60F3-4725-B4CF-3A310329B45A}.Release|Any CPU.ActiveCfg = Release|Any CPU
		{5D6DE870-60F3-4725-B4CF-3A310329B45A}.Release|Any CPU.Build.0 = Release|Any CPU
	EndGlobalSection
	GlobalSection(SolutionProperties) = preSolution
		HideSolutionNode = FALSE
	EndGlobalSection
	GlobalSection(ExtensibilityGlobals) = postSolution
		SolutionGuid = {1C47ACAD-7B15-4148-85D4-5DE9B2A1BD0B}
	EndGlobalSection
EndGlobal
